
Microsoft Visual Studio Solution File, Format Version 12.00
# Visual Studio Version 16
VisualStudioVersion = 16.0.31205.134
MinimumVisualStudioVersion = 10.0.40219.1
Project("{9A19103F-16F7-4668-BE54-9A1E7A4F7556}") = "Api", "Api.csproj", "{93C4E7B7-9EEC-4D54-B7B6-3F44105F3404}"
EndProject
Global
	GlobalSection(SolutionConfigurationPlatforms) = preSolution
		Debug|Any CPU = Debug|Any CPU
		Release|Any CPU = Release|Any CPU
	EndGlobalSection
	GlobalSection(ProjectConfigurationPlatforms) = postSolution
		{93C4E7B7-9EEC-4D54-B7B6-3F44105F3404}.Debug|Any CPU.ActiveCfg = Debug|Any CPU
		{93C4E7B7-9EEC-4D54-B7B6-3F44105F3404}.Debug|Any CPU.Build.0 = Debug|Any CPU
		{93C4E7B7-9EEC-4D54-B7B6-3F44105F3404}.Release|Any CPU.ActiveCfg = Release|Any CPU
		{93C4E7B7-9EEC-4D54-B7B6-3F44105F3404}.Release|Any CPU.Build.0 = Release|Any CPU
	EndGlobalSection
	GlobalSection(SolutionProperties) = preSolution
		HideSolutionNode = FALSE
	EndGlobalSection
	GlobalSection(ExtensibilityGlobals) = postSolution
		SolutionGuid = {4D4F4E93-0B61-4226-9550-E974F8780260}
	EndGlobalSection
EndGlobal
