
Microsoft Visual Studio Solution File, Format Version 12.00
# Visual Studio Version 16
VisualStudioVersion = 16.0.31205.134
MinimumVisualStudioVersion = 10.0.40219.1
Project("{9A19103F-16F7-4668-BE54-9A1E7A4F7556}") = "ExemploApiCatalogoJogos", "ExemploApiCatalogoJogos.csproj", "{1E1C937B-6CBE-4FA1-BA0C-12EEE39DD1A8}"
EndProject
Global
	GlobalSection(SolutionConfigurationPlatforms) = preSolution
		Debug|Any CPU = Debug|Any CPU
		Release|Any CPU = Release|Any CPU
	EndGlobalSection
	GlobalSection(ProjectConfigurationPlatforms) = postSolution
		{1E1C937B-6CBE-4FA1-BA0C-12EEE39DD1A8}.Debug|Any CPU.ActiveCfg = Debug|Any CPU
		{1E1C937B-6CBE-4FA1-BA0C-12EEE39DD1A8}.Debug|Any CPU.Build.0 = Debug|Any CPU
		{1E1C937B-6CBE-4FA1-BA0C-12EEE39DD1A8}.Release|Any CPU.ActiveCfg = Release|Any CPU
		{1E1C937B-6CBE-4FA1-BA0C-12EEE39DD1A8}.Release|Any CPU.Build.0 = Release|Any CPU
	EndGlobalSection
	GlobalSection(SolutionProperties) = preSolution
		HideSolutionNode = FALSE
	EndGlobalSection
	GlobalSection(ExtensibilityGlobals) = postSolution
		SolutionGuid = {FE1C2AA9-018C-4825-9747-1068F54FEF4D}
	EndGlobalSection
EndGlobal
